{
  "name": "@nexart/ui-renderer",
  "version": "0.8.8",
  "lockfileVersion": 3,
  "requires": true,
  "packages": {
    "": {
      "name": "@nexart/ui-renderer",
      "version": "0.8.8",
      "license": "MIT",
      "dependencies": {
        "@nexart/codemode-sdk": "^1.4.0"
      },
      "devDependencies": {
        "typescript": "^5.0.0"
      }
    },
    "node_modules/@nexart/codemode-sdk": {
      "version": "1.5.1",
      "resolved": "https://registry.npmjs.org/@nexart/codemode-sdk/-/codemode-sdk-1.5.1.tgz",
      "integrity": "sha512-CxW8qGLUXDZEGZ472a+V4jrG9kWaFSDjk/y0oRAVq1B8FjgRpQyetuCu6dZa8dydSZ/kHCG1Xeo0c6Q7JImGcw==",
      "license": "MIT"
    },
    "node_modules/typescript": {
      "version": "5.9.3",
      "resolved": "https://registry.npmjs.org/typescript/-/typescript-5.9.3.tgz",
      "integrity": "sha512-jl1vZzPDinLr9eUt3J/t7V6FgNEw9QjvBPdysz9KfQDD41fQrC2Y4vKQdiaUpFT4bXlb1RHhLpp8wtm6M5TgSw==",
      "dev": true,
      "license": "Apache-2.0",
      "bin": {
        "tsc": "bin/tsc",
        "tsserver": "bin/tsserver"
      },
      "engines": {
        "node": ">=14.17"
      }
    }
  }
}
